
Microsoft Visual Studio Solution File, Format Version 12.00
# Visual Studio Version 17
VisualStudioVersion = 17.7.34031.279
MinimumVisualStudioVersion = 10.0.40219.1
Project("{FAE04EC0-301F-11D3-BF4B-00C04F79EFBC}") = "Ordenar", "Ordenar.csproj", "{55E85997-19E8-4018-98B9-64BA4E960E11}"
EndProject
Global
	GlobalSection(SolutionConfigurationPlatforms) = preSolution
		Debug|Any CPU = Debug|Any CPU
		Release|Any CPU = Release|Any CPU
	EndGlobalSection
	GlobalSection(ProjectConfigurationPlatforms) = postSolution
		{55E85997-19E8-4018-98B9-64BA4E960E11}.Debug|Any CPU.ActiveCfg = Debug|Any CPU
		{55E85997-19E8-4018-98B9-64BA4E960E11}.Debug|Any CPU.Build.0 = Debug|Any CPU
		{55E85997-19E8-4018-98B9-64BA4E960E11}.Release|Any CPU.ActiveCfg = Release|Any CPU
		{55E85997-19E8-4018-98B9-64BA4E960E11}.Release|Any CPU.Build.0 = Release|Any CPU
	EndGlobalSection
	GlobalSection(SolutionProperties) = preSolution
		HideSolutionNode = FALSE
	EndGlobalSection
	GlobalSection(ExtensibilityGlobals) = postSolution
		SolutionGuid = {060CF561-FE60-4D74-90DF-222125DF1D40}
	EndGlobalSection
EndGlobal
